
Microsoft Visual Studio Solution File, Format Version 12.00
# Visual Studio Version 16
VisualStudioVersion = 16.0.34601.136
MinimumVisualStudioVersion = 10.0.40219.1
Project("{8BC9CEB8-8B4A-11D0-8D11-00A0C91BC942}") = "자료구조 hw4", "자료구조 hw4\자료구조 hw4.vcxproj", "{93B5131F-EA32-4582-BEAB-EC1DB570B265}"
EndProject
Global
	GlobalSection(SolutionConfigurationPlatforms) = preSolution
		Debug|x64 = Debug|x64
		Debug|x86 = Debug|x86
		Release|x64 = Release|x64
		Release|x86 = Release|x86
	EndGlobalSection
	GlobalSection(ProjectConfigurationPlatforms) = postSolution
		{93B5131F-EA32-4582-BEAB-EC1DB570B265}.Debug|x64.ActiveCfg = Debug|x64
		{93B5131F-EA32-4582-BEAB-EC1DB570B265}.Debug|x64.Build.0 = Debug|x64
		{93B5131F-EA32-4582-BEAB-EC1DB570B265}.Debug|x86.ActiveCfg = Debug|Win32
		{93B5131F-EA32-4582-BEAB-EC1DB570B265}.Debug|x86.Build.0 = Debug|Win32
		{93B5131F-EA32-4582-BEAB-EC1DB570B265}.Release|x64.ActiveCfg = Release|x64
		{93B5131F-EA32-4582-BEAB-EC1DB570B265}.Release|x64.Build.0 = Release|x64
		{93B5131F-EA32-4582-BEAB-EC1DB570B265}.Release|x86.ActiveCfg = Release|Win32
		{93B5131F-EA32-4582-BEAB-EC1DB570B265}.Release|x86.Build.0 = Release|Win32
	EndGlobalSection
	GlobalSection(SolutionProperties) = preSolution
		HideSolutionNode = FALSE
	EndGlobalSection
	GlobalSection(ExtensibilityGlobals) = postSolution
		SolutionGuid = {85FD76A1-1C55-41A0-A60D-8DD62E364047}
	EndGlobalSection
EndGlobal
